
Microsoft Visual Studio Solution File, Format Version 12.00
# Visual Studio Version 16
VisualStudioVersion = 16.0.31702.278
MinimumVisualStudioVersion = 10.0.40219.1
Project("{FAE04EC0-301F-11D3-BF4B-00C04F79EFBC}") = "LibreLink+", "LibreLink+\LibreLink+.csproj", "{476CF6CA-14FA-49A5-A092-D12477256518}"
EndProject
Global
	GlobalSection(SolutionConfigurationPlatforms) = preSolution
		Debug|Any CPU = Debug|Any CPU
		Release|Any CPU = Release|Any CPU
	EndGlobalSection
	GlobalSection(ProjectConfigurationPlatforms) = postSolution
		{476CF6CA-14FA-49A5-A092-D12477256518}.Debug|Any CPU.ActiveCfg = Debug|Any CPU
		{476CF6CA-14FA-49A5-A092-D12477256518}.Debug|Any CPU.Build.0 = Debug|Any CPU
		{476CF6CA-14FA-49A5-A092-D12477256518}.Release|Any CPU.ActiveCfg = Release|Any CPU
		{476CF6CA-14FA-49A5-A092-D12477256518}.Release|Any CPU.Build.0 = Release|Any CPU
	EndGlobalSection
	GlobalSection(SolutionProperties) = preSolution
		HideSolutionNode = FALSE
	EndGlobalSection
	GlobalSection(ExtensibilityGlobals) = postSolution
		SolutionGuid = {58230103-8BD5-4BC1-971A-61393BE715C8}
	EndGlobalSection
EndGlobal
